
Microsoft Visual Studio Solution File, Format Version 12.00
# Visual Studio 2013
VisualStudioVersion = 12.0.30501.0
MinimumVisualStudioVersion = 10.0.40219.1
Project("{FAE04EC0-301F-11D3-BF4B-00C04F79EFBC}") = "SantasToyFactory", "SantasToyFactory\SantasToyFactory.csproj", "{40AEDBAF-3412-4700-8EA6-0A7A4B7EB741}"
EndProject
Project("{FAE04EC0-301F-11D3-BF4B-00C04F79EFBC}") = "SantasToyFactory.Tests", "SantasToyFactory.Tests\SantasToyFactory.Tests.csproj", "{BAD82A62-FA6F-4A14-B830-43F150C37ED9}"
EndProject
Global
	GlobalSection(SolutionConfigurationPlatforms) = preSolution
		Debug|Any CPU = Debug|Any CPU
		Release|Any CPU = Release|Any CPU
	EndGlobalSection
	GlobalSection(ProjectConfigurationPlatforms) = postSolution
		{40AEDBAF-3412-4700-8EA6-0A7A4B7EB741}.Debug|Any CPU.ActiveCfg = Debug|Any CPU
		{40AEDBAF-3412-4700-8EA6-0A7A4B7EB741}.Debug|Any CPU.Build.0 = Debug|Any CPU
		{40AEDBAF-3412-4700-8EA6-0A7A4B7EB741}.Release|Any CPU.ActiveCfg = Release|Any CPU
		{40AEDBAF-3412-4700-8EA6-0A7A4B7EB741}.Release|Any CPU.Build.0 = Release|Any CPU
		{BAD82A62-FA6F-4A14-B830-43F150C37ED9}.Debug|Any CPU.ActiveCfg = Debug|Any CPU
		{BAD82A62-FA6F-4A14-B830-43F150C37ED9}.Debug|Any CPU.Build.0 = Debug|Any CPU
		{BAD82A62-FA6F-4A14-B830-43F150C37ED9}.Release|Any CPU.ActiveCfg = Release|Any CPU
		{BAD82A62-FA6F-4A14-B830-43F150C37ED9}.Release|Any CPU.Build.0 = Release|Any CPU
	EndGlobalSection
	GlobalSection(SolutionProperties) = preSolution
		HideSolutionNode = FALSE
	EndGlobalSection
EndGlobal
