
Microsoft Visual Studio Solution File, Format Version 12.00
# Visual Studio 2013
VisualStudioVersion = 12.0.30501.0
MinimumVisualStudioVersion = 10.0.40219.1
Project("{FAE04EC0-301F-11D3-BF4B-00C04F79EFBC}") = "SantasToyFactory.DataLayer", "SantasToyFactory.DataLayer\SantasToyFactory.DataLayer.csproj", "{B4891F28-9FDE-460F-9C72-825FE1C0EE6E}"
EndProject
Project("{FAE04EC0-301F-11D3-BF4B-00C04F79EFBC}") = "SantasToyFactory.Models", "SantasToyFactory.Models\SantasToyFactory.Models.csproj", "{87E22AF7-B06F-4280-9697-7B0366BB2297}"
EndProject
Project("{FAE04EC0-301F-11D3-BF4B-00C04F79EFBC}") = "SantasToyFactory.Repositories", "SantasToyFactory.Repositories\SantasToyFactory.Repositories.csproj", "{3EBAAC5F-3E28-4724-8361-E3CEF0143367}"
EndProject
Project("{FAE04EC0-301F-11D3-BF4B-00C04F79EFBC}") = "SantasToyFactory", "SantasToyFactory\SantasToyFactory.csproj", "{CD6F24BD-1924-418E-A8AE-E3EF2566A7A7}"
EndProject
Project("{FAE04EC0-301F-11D3-BF4B-00C04F79EFBC}") = "SantasToyFactory.Tests", "SantasToyFactory.Tests\SantasToyFactory.Tests.csproj", "{0CF1FBED-BE0B-4993-ABAB-CC9FEEDA5BD2}"
EndProject
Project("{FAE04EC0-301F-11D3-BF4B-00C04F79EFBC}") = "SantasToyFactory.ConsoleClient", "SantasToyFactory.ConsoleClient\SantasToyFactory.ConsoleClient.csproj", "{C446EDAC-C7A3-4874-B0E2-4D9C503ACB8B}"
EndProject
Global
	GlobalSection(SolutionConfigurationPlatforms) = preSolution
		Debug|Any CPU = Debug|Any CPU
		Release|Any CPU = Release|Any CPU
	EndGlobalSection
	GlobalSection(ProjectConfigurationPlatforms) = postSolution
		{B4891F28-9FDE-460F-9C72-825FE1C0EE6E}.Debug|Any CPU.ActiveCfg = Debug|Any CPU
		{B4891F28-9FDE-460F-9C72-825FE1C0EE6E}.Debug|Any CPU.Build.0 = Debug|Any CPU
		{B4891F28-9FDE-460F-9C72-825FE1C0EE6E}.Release|Any CPU.ActiveCfg = Release|Any CPU
		{B4891F28-9FDE-460F-9C72-825FE1C0EE6E}.Release|Any CPU.Build.0 = Release|Any CPU
		{87E22AF7-B06F-4280-9697-7B0366BB2297}.Debug|Any CPU.ActiveCfg = Debug|Any CPU
		{87E22AF7-B06F-4280-9697-7B0366BB2297}.Debug|Any CPU.Build.0 = Debug|Any CPU
		{87E22AF7-B06F-4280-9697-7B0366BB2297}.Release|Any CPU.ActiveCfg = Release|Any CPU
		{87E22AF7-B06F-4280-9697-7B0366BB2297}.Release|Any CPU.Build.0 = Release|Any CPU
		{3EBAAC5F-3E28-4724-8361-E3CEF0143367}.Debug|Any CPU.ActiveCfg = Debug|Any CPU
		{3EBAAC5F-3E28-4724-8361-E3CEF0143367}.Debug|Any CPU.Build.0 = Debug|Any CPU
		{3EBAAC5F-3E28-4724-8361-E3CEF0143367}.Release|Any CPU.ActiveCfg = Release|Any CPU
		{3EBAAC5F-3E28-4724-8361-E3CEF0143367}.Release|Any CPU.Build.0 = Release|Any CPU
		{CD6F24BD-1924-418E-A8AE-E3EF2566A7A7}.Debug|Any CPU.ActiveCfg = Debug|Any CPU
		{CD6F24BD-1924-418E-A8AE-E3EF2566A7A7}.Debug|Any CPU.Build.0 = Debug|Any CPU
		{CD6F24BD-1924-418E-A8AE-E3EF2566A7A7}.Release|Any CPU.ActiveCfg = Release|Any CPU
		{CD6F24BD-1924-418E-A8AE-E3EF2566A7A7}.Release|Any CPU.Build.0 = Release|Any CPU
		{0CF1FBED-BE0B-4993-ABAB-CC9FEEDA5BD2}.Debug|Any CPU.ActiveCfg = Debug|Any CPU
		{0CF1FBED-BE0B-4993-ABAB-CC9FEEDA5BD2}.Debug|Any CPU.Build.0 = Debug|Any CPU
		{0CF1FBED-BE0B-4993-ABAB-CC9FEEDA5BD2}.Release|Any CPU.ActiveCfg = Release|Any CPU
		{0CF1FBED-BE0B-4993-ABAB-CC9FEEDA5BD2}.Release|Any CPU.Build.0 = Release|Any CPU
		{C446EDAC-C7A3-4874-B0E2-4D9C503ACB8B}.Debug|Any CPU.ActiveCfg = Debug|Any CPU
		{C446EDAC-C7A3-4874-B0E2-4D9C503ACB8B}.Debug|Any CPU.Build.0 = Debug|Any CPU
		{C446EDAC-C7A3-4874-B0E2-4D9C503ACB8B}.Release|Any CPU.ActiveCfg = Release|Any CPU
		{C446EDAC-C7A3-4874-B0E2-4D9C503ACB8B}.Release|Any CPU.Build.0 = Release|Any CPU
	EndGlobalSection
	GlobalSection(SolutionProperties) = preSolution
		HideSolutionNode = FALSE
	EndGlobalSection
EndGlobal
